// !$*UTF8*$!
{
	archiveVersion = 1;
	classes = {
	};
	objectVersion = 46;
	objects = {

/* Begin PBXBuildFile section */
		CCCA32CF1C18424A0083842B /* main.m in Sources */ = {isa = PBXBuildFile; fileRef = CCCA32CE1C18424A0083842B /* main.m */; };
		CCCA32D21C18424A0083842B /* AppDelegate.m in Sources */ = {isa = PBXBuildFile; fileRef = CCCA32D11C18424A0083842B /* AppDelegate.m */; };
		CCCA32D51C18424A0083842B /* FirstViewController.m in Sources */ = {isa = PBXBuildFile; fileRef = CCCA32D41C18424A0083842B /* FirstViewController.m */; };
		CCCA32D81C18424A0083842B /* SecondViewController.m in Sources */ = {isa = PBXBuildFile; fileRef = CCCA32D71C18424A0083842B /* SecondViewController.m */; };
		CCCA32DB1C18424A0083842B /* Main.storyboard in Resources */ = {isa = PBXBuildFile; fileRef = CCCA32D91C18424A0083842B /* Main.storyboard */; };
		CCCA32DD1C18424A0083842B /* Assets.xcassets in Resources */ = {isa = PBXBuildFile; fileRef = CCCA32DC1C18424A0083842B /* Assets.xcassets */; };
		CCCA32E01C18424A0083842B /* LaunchScreen.storyboard in Resources */ = {isa = PBXBuildFile; fileRef = CCCA32DE1C18424A0083842B /* LaunchScreen.storyboard */; };
		CCCA32EB1C18424A0083842B /* YouXinTests.m in Sources */ = {isa = PBXBuildFile; fileRef = CCCA32EA1C18424A0083842B /* YouXinTests.m */; };
		CCCA32F61C18424A0083842B /* YouXinUITests.m in Sources */ = {isa = PBXBuildFile; fileRef = CCCA32F51C18424A0083842B /* YouXinUITests.m */; };
		CCCA33051C1849850083842B /* ThirdViewController.m in Sources */ = {isa = PBXBuildFile; fileRef = CCCA33041C1849850083842B /* ThirdViewController.m */; };
		CCCA33081C1849990083842B /* ForthViewController.m in Sources */ = {isa = PBXBuildFile; fileRef = CCCA33071C1849990083842B /* ForthViewController.m */; };
/* End PBXBuildFile section */

/* Begin PBXContainerItemProxy section */
		CCCA32E71C18424A0083842B /* PBXContainerItemProxy */ = {
			isa = PBXContainerItemProxy;
			containerPortal = CCCA32C21C18424A0083842B /* Project object */;
			proxyType = 1;
			remoteGlobalIDString = CCCA32C91C18424A0083842B;
			remoteInfo = YouXin;
		};
		CCCA32F21C18424A0083842B /* PBXContainerItemProxy */ = {
			isa = PBXContainerItemProxy;
			containerPortal = CCCA32C21C18424A0083842B /* Project object */;
			proxyType = 1;
			remoteGlobalIDString = CCCA32C91C18424A0083842B;
			remoteInfo = YouXin;
		};
/* End PBXContainerItemProxy section */

/* Begin PBXFileReference section */
		CCCA32CA1C18424A0083842B /* YouXin.app */ = {isa = PBXFileReference; explicitFileType = wrapper.application; includeInIndex = 0; path = YouXin.app; sourceTree = BUILT_PRODUCTS_DIR; };
		CCCA32CE1C18424A0083842B /* main.m */ = {isa = PBXFileReference; lastKnownFileType = sourcecode.c.objc; path = main.m; sourceTree = "<group>"; };
		CCCA32D01C18424A0083842B /* AppDelegate.h */ = {isa = PBXFileReference; lastKnownFileType = sourcecode.c.h; path = AppDelegate.h; sourceTree = "<group>"; };
		CCCA32D11C18424A0083842B /* AppDelegate.m */ = {isa = PBXFileReference; lastKnownFileType = sourcecode.c.objc; path = AppDelegate.m; sourceTree = "<group>"; };
		CCCA32D31C18424A0083842B /* FirstViewController.h */ = {isa = PBXFileReference; lastKnownFileType = sourcecode.c.h; path = FirstViewController.h; sourceTree = "<group>"; };
		CCCA32D41C18424A0083842B /* FirstViewController.m */ = {isa = PBXFileReference; lastKnownFileType = sourcecode.c.objc; path = FirstViewController.m; sourceTree = "<group>"; };
		CCCA32D61C18424A0083842B /* SecondViewController.h */ = {isa = PBXFileReference; lastKnownFileType = sourcecode.c.h; path = SecondViewController.h; sourceTree = "<group>"; };
		CCCA32D71C18424A0083842B /* SecondViewController.m */ = {isa = PBXFileReference; lastKnownFileType = sourcecode.c.objc; path = SecondViewController.m; sourceTree = "<group>"; };
		CCCA32DA1C18424A0083842B /* Base */ = {isa = PBXFileReference; lastKnownFileType = file.storyboard; name = Base; path = Base.lproj/Main.storyboard; sourceTree = "<group>"; };
		CCCA32DC1C18424A0083842B /* Assets.xcassets */ = {isa = PBXFileReference; lastKnownFileType = folder.assetcatalog; path = Assets.xcassets; sourceTree = "<group>"; };
		CCCA32DF1C18424A0083842B /* Base */ = {isa = PBXFileReference; lastKnownFileType = file.storyboard; name = Base; path = Base.lproj/LaunchScreen.storyboard; sourceTree = "<group>"; };
		CCCA32E11C18424A0083842B /* Info.plist */ = {isa = PBXFileReference; lastKnownFileType = text.plist.xml; path = Info.plist; sourceTree = "<group>"; };
		CCCA32E61C18424A0083842B /* YouXinTests.xctest */ = {isa = PBXFileReference; explicitFileType = wrapper.cfbundle; includeInIndex = 0; path = YouXinTests.xctest; sourceTree = BUILT_PRODUCTS_DIR; };
		CCCA32EA1C18424A0083842B /* YouXinTests.m */ = {isa = PBXFileReference; lastKnownFileType = sourcecode.c.objc; path = YouXinTests.m; sourceTree = "<group>"; };
		CCCA32EC1C18424A0083842B /* Info.plist */ = {isa = PBXFileReference; lastKnownFileType = text.plist.xml; path = Info.plist; sourceTree = "<group>"; };
		CCCA32F11C18424A0083842B /* YouXinUITests.xctest */ = {isa = PBXFileReference; explicitFileType = wrapper.cfbundle; includeInIndex = 0; path = YouXinUITests.xctest; sourceTree = BUILT_PRODUCTS_DIR; };
		CCCA32F51C18424A0083842B /* YouXinUITests.m */ = {isa = PBXFileReference; lastKnownFileType = sourcecode.c.objc; path = YouXinUITests.m; sourceTree = "<group>"; };
		CCCA32F71C18424A0083842B /* Info.plist */ = {isa = PBXFileReference; lastKnownFileType = text.plist.xml; path = Info.plist; sourceTree = "<group>"; };
		CCCA33031C1849850083842B /* ThirdViewController.h */ = {isa = PBXFileReference; fileEncoding = 4; lastKnownFileType = sourcecode.c.h; path = ThirdViewController.h; sourceTree = "<group>"; };
		CCCA33041C1849850083842B /* ThirdViewController.m */ = {isa = PBXFileReference; fileEncoding = 4; lastKnownFileType = sourcecode.c.objc; path = ThirdViewController.m; sourceTree = "<group>"; };
		CCCA33061C1849990083842B /* ForthViewController.h */ = {isa = PBXFileReference; fileEncoding = 4; lastKnownFileType = sourcecode.c.h; path = ForthViewController.h; sourceTree = "<group>"; };
		CCCA33071C1849990083842B /* ForthViewController.m */ = {isa = PBXFileReference; fileEncoding = 4; lastKnownFileType = sourcecode.c.objc; path = ForthViewController.m; sourceTree = "<group>"; };
/* End PBXFileReference section */

/* Begin PBXFrameworksBuildPhase section */
		CCCA32C71C18424A0083842B /* Frameworks */ = {
			isa = PBXFrameworksBuildPhase;
			buildActionMask = 2147483647;
			files = (
			);
			runOnlyForDeploymentPostprocessing = 0;
		};
		CCCA32E31C18424A0083842B /* Frameworks */ = {
			isa = PBXFrameworksBuildPhase;
			buildActionMask = 2147483647;
			files = (
			);
			runOnlyForDeploymentPostprocessing = 0;
		};
		CCCA32EE1C18424A0083842B /* Frameworks */ = {
			isa = PBXFrameworksBuildPhase;
			buildActionMask = 2147483647;
			files = (
			);
			runOnlyForDeploymentPostprocessing = 0;
		};
/* End PBXFrameworksBuildPhase section */

/* Begin PBXGroup section */
		CCCA32C11C18424A0083842B = {
			isa = PBXGroup;
			children = (
				CCCA32CC1C18424A0083842B /* YouXin */,
				CCCA32E91C18424A0083842B /* YouXinTests */,
				CCCA32F41C18424A0083842B /* YouXinUITests */,
				CCCA32CB1C18424A0083842B /* Products */,
			);
			sourceTree = "<group>";
		};
		CCCA32CB1C18424A0083842B /* Products */ = {
			isa = PBXGroup;
			children = (
				CCCA32CA1C18424A0083842B /* YouXin.app */,
				CCCA32E61C18424A0083842B /* YouXinTests.xctest */,
				CCCA32F11C18424A0083842B /* YouXinUITests.xctest */,
			);
			name = Products;
			sourceTree = "<group>";
		};
		CCCA32CC1C18424A0083842B /* YouXin */ = {
			isa = PBXGroup;
			children = (
				CCCA330B1C1849B60083842B /* Models */,
				CCCA330A1C1849AE0083842B /* Views */,
				CCCA33091C1849A30083842B /* Controllers */,
				CCCA32CD1C18424A0083842B /* Supporting Files */,
			);
			path = YouXin;
			sourceTree = "<group>";
		};
		CCCA32CD1C18424A0083842B /* Supporting Files */ = {
			isa = PBXGroup;
			children = (
				CCCA32D01C18424A0083842B /* AppDelegate.h */,
				CCCA32D11C18424A0083842B /* AppDelegate.m */,
				CCCA32DC1C18424A0083842B /* Assets.xcassets */,
				CCCA32DE1C18424A0083842B /* LaunchScreen.storyboard */,
				CCCA32E11C18424A0083842B /* Info.plist */,
				CCCA32CE1C18424A0083842B /* main.m */,
			);
			name = "Supporting Files";
			sourceTree = "<group>";
		};
		CCCA32E91C18424A0083842B /* YouXinTests */ = {
			isa = PBXGroup;
			children = (
				CCCA32EA1C18424A0083842B /* YouXinTests.m */,
				CCCA32EC1C18424A0083842B /* Info.plist */,
			);
			path = YouXinTests;
			sourceTree = "<group>";
		};
		CCCA32F41C18424A0083842B /* YouXinUITests */ = {
			isa = PBXGroup;
			children = (
				CCCA32F51C18424A0083842B /* YouXinUITests.m */,
				CCCA32F71C18424A0083842B /* Info.plist */,
			);
			path = YouXinUITests;
			sourceTree = "<group>";
		};
		CCCA33091C1849A30083842B /* Controllers */ = {
			isa = PBXGroup;
			children = (
				CCCA32D31C18424A0083842B /* FirstViewController.h */,
				CCCA32D41C18424A0083842B /* FirstViewController.m */,
				CCCA32D61C18424A0083842B /* SecondViewController.h */,
				CCCA32D71C18424A0083842B /* SecondViewController.m */,
				CCCA33031C1849850083842B /* ThirdViewController.h */,
				CCCA33041C1849850083842B /* ThirdViewController.m */,
				CCCA33061C1849990083842B /* ForthViewController.h */,
				CCCA33071C1849990083842B /* ForthViewController.m */,
			);
			name = Controllers;
			sourceTree = "<group>";
		};
		CCCA330A1C1849AE0083842B /* Views */ = {
			isa = PBXGroup;
			children = (
				CCCA32D91C18424A0083842B /* Main.storyboard */,
			);
			name = Views;
			sourceTree = "<group>";
		};
		CCCA330B1C1849B60083842B /* Models */ = {
			isa = PBXGroup;
			children = (
			);
			name = Models;
			sourceTree = "<group>";
		};
/* End PBXGroup section */

/* Begin PBXNativeTarget section */
		CCCA32C91C18424A0083842B /* YouXin */ = {
			isa = PBXNativeTarget;
			buildConfigurationList = CCCA32FA1C18424A0083842B /* Build configuration list for PBXNativeTarget "YouXin" */;
			buildPhases = (
				CCCA32C61C18424A0083842B /* Sources */,
				CCCA32C71C18424A0083842B /* Frameworks */,
				CCCA32C81C18424A0083842B /* Resources */,
			);
			buildRules = (
			);
			dependencies = (
			);
			name = YouXin;
			productName = YouXin;
			productReference = CCCA32CA1C18424A0083842B /* YouXin.app */;
			productType = "com.apple.product-type.application";
		};
		CCCA32E51C18424A0083842B /* YouXinTests */ = {
			isa = PBXNativeTarget;
			buildConfigurationList = CCCA32FD1C18424A0083842B /* Build configuration list for PBXNativeTarget "YouXinTests" */;
			buildPhases = (
				CCCA32E21C18424A0083842B /* Sources */,
				CCCA32E31C18424A0083842B /* Frameworks */,
				CCCA32E41C18424A0083842B /* Resources */,
			);
			buildRules = (
			);
			dependencies = (
				CCCA32E81C18424A0083842B /* PBXTargetDependency */,
			);
			name = YouXinTests;
			productName = YouXinTests;
			productReference = CCCA32E61C18424A0083842B /* YouXinTests.xctest */;
			productType = "com.apple.product-type.bundle.unit-test";
		};
		CCCA32F01C18424A0083842B /* YouXinUITests */ = {
			isa = PBXNativeTarget;
			buildConfigurationList = CCCA33001C18424A0083842B /* Build configuration list for PBXNativeTarget "YouXinUITests" */;
			buildPhases = (
				CCCA32ED1C18424A0083842B /* Sources */,
				CCCA32EE1C18424A0083842B /* Frameworks */,
				CCCA32EF1C18424A0083842B /* Resources */,
			);
			buildRules = (
			);
			dependencies = (
				CCCA32F31C18424A0083842B /* PBXTargetDependency */,
			);
			name = YouXinUITests;
			productName = YouXinUITests;
			productReference = CCCA32F11C18424A0083842B /* YouXinUITests.xctest */;
			productType = "com.apple.product-type.bundle.ui-testing";
		};
/* End PBXNativeTarget section */

/* Begin PBXProject section */
		CCCA32C21C18424A0083842B /* Project object */ = {
			isa = PBXProject;
			attributes = {
				LastUpgradeCheck = 0710;
				ORGANIZATIONNAME = qingyun;
				TargetAttributes = {
					CCCA32C91C18424A0083842B = {
						CreatedOnToolsVersion = 7.1;
						DevelopmentTeam = 2KTXQ3SG23;
					};
					CCCA32E51C18424A0083842B = {
						CreatedOnToolsVersion = 7.1;
						TestTargetID = CCCA32C91C18424A0083842B;
					};
					CCCA32F01C18424A0083842B = {
						CreatedOnToolsVersion = 7.1;
						TestTargetID = CCCA32C91C18424A0083842B;
					};
				};
			};
			buildConfigurationList = CCCA32C51C18424A0083842B /* Build configuration list for PBXProject "YouXin" */;
			compatibilityVersion = "Xcode 3.2";
			developmentRegion = English;
			hasScannedForEncodings = 0;
			knownRegions = (
				en,
				Base,
			);
			mainGroup = CCCA32C11C18424A0083842B;
			productRefGroup = CCCA32CB1C18424A0083842B /* Products */;
			projectDirPath = "";
			projectRoot = "";
			targets = (
				CCCA32C91C18424A0083842B /* YouXin */,
				CCCA32E51C18424A0083842B /* YouXinTests */,
				CCCA32F01C18424A0083842B /* YouXinUITests */,
			);
		};
/* End PBXProject section */

/* Begin PBXResourcesBuildPhase section */
		CCCA32C81C18424A0083842B /* Resources */ = {
			isa = PBXResourcesBuildPhase;
			buildActionMask = 2147483647;
			files = (
				CCCA32E01C18424A0083842B /* LaunchScreen.storyboard in Resources */,
				CCCA32DD1C18424A0083842B /* Assets.xcassets in Resources */,
				CCCA32DB1C18424A0083842B /* Main.storyboard in Resources */,
			);
			runOnlyForDeploymentPostprocessing = 0;
		};
		CCCA32E41C18424A0083842B /* Resources */ = {
			isa = PBXResourcesBuildPhase;
			buildActionMask = 2147483647;
			files = (
			);
			runOnlyForDeploymentPostprocessing = 0;
		};
		CCCA32EF1C18424A0083842B /* Resources */ = {
			isa = PBXResourcesBuildPhase;
			buildActionMask = 2147483647;
			files = (
			);
			runOnlyForDeploymentPostprocessing = 0;
		};
/* End PBXResourcesBuildPhase section */

/* Begin PBXSourcesBuildPhase section */
		CCCA32C61C18424A0083842B /* Sources */ = {
			isa = PBXSourcesBuildPhase;
			buildActionMask = 2147483647;
			files = (
				CCCA32D81C18424A0083842B /* SecondViewController.m in Sources */,
				CCCA33051C1849850083842B /* ThirdViewController.m in Sources */,
				CCCA33081C1849990083842B /* ForthViewController.m in Sources */,
				CCCA32D21C18424A0083842B /* AppDelegate.m in Sources */,
				CCCA32D51C18424A0083842B /* FirstViewController.m in Sources */,
				CCCA32CF1C18424A0083842B /* main.m in Sources */,
			);
			runOnlyForDeploymentPostprocessing = 0;
		};
		CCCA32E21C18424A0083842B /* Sources */ = {
			isa = PBXSourcesBuildPhase;
			buildActionMask = 2147483647;
			files = (
				CCCA32EB1C18424A0083842B /* YouXinTests.m in Sources */,
			);
			runOnlyForDeploymentPostprocessing = 0;
		};
		CCCA32ED1C18424A0083842B /* Sources */ = {
			isa = PBXSourcesBuildPhase;
			buildActionMask = 2147483647;
			files = (
				CCCA32F61C18424A0083842B /* YouXinUITests.m in Sources */,
			);
			runOnlyForDeploymentPostprocessing = 0;
		};
/* End PBXSourcesBuildPhase section */

/* Begin PBXTargetDependency section */
		CCCA32E81C18424A0083842B /* PBXTargetDependency */ = {
			isa = PBXTargetDependency;
			target = CCCA32C91C18424A0083842B /* YouXin */;
			targetProxy = CCCA32E71C18424A0083842B /* PBXContainerItemProxy */;
		};
		CCCA32F31C18424A0083842B /* PBXTargetDependency */ = {
			isa = PBXTargetDependency;
			target = CCCA32C91C18424A0083842B /* YouXin */;
			targetProxy = CCCA32F21C18424A0083842B /* PBXContainerItemProxy */;
		};
/* End PBXTargetDependency section */

/* Begin PBXVariantGroup section */
		CCCA32D91C18424A0083842B /* Main.storyboard */ = {
			isa = PBXVariantGroup;
			children = (
				CCCA32DA1C18424A0083842B /* Base */,
			);
			name = Main.storyboard;
			sourceTree = "<group>";
		};
		CCCA32DE1C18424A0083842B /* LaunchScreen.storyboard */ = {
			isa = PBXVariantGroup;
			children = (
				CCCA32DF1C18424A0083842B /* Base */,
			);
			name = LaunchScreen.storyboard;
			sourceTree = "<group>";
		};
/* End PBXVariantGroup section */

/* Begin XCBuildConfiguration section */
		CCCA32F81C18424A0083842B /* Debug */ = {
			isa = XCBuildConfiguration;
			buildSettings = {
				ALWAYS_SEARCH_USER_PATHS = NO;
				CLANG_CXX_LANGUAGE_STANDARD = "gnu++0x";
				CLANG_CXX_LIBRARY = "libc++";
				CLANG_ENABLE_MODULES = YES;
				CLANG_ENABLE_OBJC_ARC = YES;
				CLANG_WARN_BOOL_CONVERSION = YES;
				CLANG_WARN_CONSTANT_CONVERSION = YES;
				CLANG_WARN_DIRECT_OBJC_ISA_USAGE = YES_ERROR;
				CLANG_WARN_EMPTY_BODY = YES;
				CLANG_WARN_ENUM_CONVERSION = YES;
				CLANG_WARN_INT_CONVERSION = YES;
				CLANG_WARN_OBJC_ROOT_CLASS = YES_ERROR;
				CLANG_WARN_UNREACHABLE_CODE = YES;
				CLANG_WARN__DUPLICATE_METHOD_MATCH = YES;
				"CODE_SIGN_IDENTITY[sdk=iphoneos*]" = "iPhone Developer";
				COPY_PHASE_STRIP = NO;
				DEBUG_INFORMATION_FORMAT = dwarf;
				ENABLE_STRICT_OBJC_MSGSEND = YES;
				ENABLE_TESTABILITY = YES;
				GCC_C_LANGUAGE_STANDARD = gnu99;
				GCC_DYNAMIC_NO_PIC = NO;
				GCC_NO_COMMON_BLOCKS = YES;
				GCC_OPTIMIZATION_LEVEL = 0;
				GCC_PREPROCESSOR_DEFINITIONS = (
					"DEBUG=1",
					"$(inherited)",
				);
				GCC_WARN_64_TO_32_BIT_CONVERSION = YES;
				GCC_WARN_ABOUT_RETURN_TYPE = YES_ERROR;
				GCC_WARN_UNDECLARED_SELECTOR = YES;
				GCC_WARN_UNINITIALIZED_AUTOS = YES_AGGRESSIVE;
				GCC_WARN_UNUSED_FUNCTION = YES;
				GCC_WARN_UNUSED_VARIABLE = YES;
				IPHONEOS_DEPLOYMENT_TARGET = 9.1;
				MTL_ENABLE_DEBUG_INFO = YES;
				ONLY_ACTIVE_ARCH = YES;
				SDKROOT = iphoneos;
			};
			name = Debug;
		};
		CCCA32F91C18424A0083842B /* Release */ = {
			isa = XCBuildConfiguration;
			buildSettings = {
				ALWAYS_SEARCH_USER_PATHS = NO;
				CLANG_CXX_LANGUAGE_STANDARD = "gnu++0x";
				CLANG_CXX_LIBRARY = "libc++";
				CLANG_ENABLE_MODULES = YES;
				CLANG_ENABLE_OBJC_ARC = YES;
				CLANG_WARN_BOOL_CONVERSION = YES;
				CLANG_WARN_CONSTANT_CONVERSION = YES;
				CLANG_WARN_DIRECT_OBJC_ISA_USAGE = YES_ERROR;
				CLANG_WARN_EMPTY_BODY = YES;
				CLANG_WARN_ENUM_CONVERSION = YES;
				CLANG_WARN_INT_CONVERSION = YES;
				CLANG_WARN_OBJC_ROOT_CLASS = YES_ERROR;
				CLANG_WARN_UNREACHABLE_CODE = YES;
				CLANG_WARN__DUPLICATE_METHOD_MATCH = YES;
				"CODE_SIGN_IDENTITY[sdk=iphoneos*]" = "iPhone Developer";
				COPY_PHASE_STRIP = NO;
				DEBUG_INFORMATION_FORMAT = "dwarf-with-dsym";
				ENABLE_NS_ASSERTIONS = NO;
				ENABLE_STRICT_OBJC_MSGSEND = YES;
				GCC_C_LANGUAGE_STANDARD = gnu99;
				GCC_NO_COMMON_BLOCKS = YES;
				GCC_WARN_64_TO_32_BIT_CONVERSION = YES;
				GCC_WARN_ABOUT_RETURN_TYPE = YES_ERROR;
				GCC_WARN_UNDECLARED_SELECTOR = YES;
				GCC_WARN_UNINITIALIZED_AUTOS = YES_AGGRESSIVE;
				GCC_WARN_UNUSED_FUNCTION = YES;
				GCC_WARN_UNUSED_VARIABLE = YES;
				IPHONEOS_DEPLOYMENT_TARGET = 9.1;
				MTL_ENABLE_DEBUG_INFO = NO;
				SDKROOT = iphoneos;
				VALIDATE_PRODUCT = YES;
			};
			name = Release;
		};
		CCCA32FB1C18424A0083842B /* Debug */ = {
			isa = XCBuildConfiguration;
			buildSettings = {
				ASSETCATALOG_COMPILER_APPICON_NAME = AppIcon;
				CODE_SIGN_IDENTITY = "iPhone Developer";
				"CODE_SIGN_IDENTITY[sdk=iphoneos*]" = "iPhone Developer";
				INFOPLIST_FILE = YouXin/Info.plist;
				LD_RUNPATH_SEARCH_PATHS = "$(inherited) @executable_path/Frameworks";
				PRODUCT_BUNDLE_IDENTIFIER = com.qingyun.YouXin;
				PRODUCT_NAME = "$(TARGET_NAME)";
				PROVISIONING_PROFILE = "";
			};
			name = Debug;
		};
		CCCA32FC1C18424A0083842B /* Release */ = {
			isa = XCBuildConfiguration;
			buildSettings = {
				ASSETCATALOG_COMPILER_APPICON_NAME = AppIcon;
				CODE_SIGN_IDENTITY = "iPhone Developer";
				"CODE_SIGN_IDENTITY[sdk=iphoneos*]" = "iPhone Developer";
				INFOPLIST_FILE = YouXin/Info.plist;
				LD_RUNPATH_SEARCH_PATHS = "$(inherited) @executable_path/Frameworks";
				PRODUCT_BUNDLE_IDENTIFIER = com.qingyun.YouXin;
				PRODUCT_NAME = "$(TARGET_NAME)";
				PROVISIONING_PROFILE = "";
			};
			name = Release;
		};
		CCCA32FE1C18424A0083842B /* Debug */ = {
			isa = XCBuildConfiguration;
			buildSettings = {
				BUNDLE_LOADER = "$(TEST_HOST)";
				INFOPLIST_FILE = YouXinTests/Info.plist;
				LD_RUNPATH_SEARCH_PATHS = "$(inherited) @executable_path/Frameworks @loader_path/Frameworks";
				PRODUCT_BUNDLE_IDENTIFIER = com.qingyun.YouXinTests;
				PRODUCT_NAME = "$(TARGET_NAME)";
				TEST_HOST = "$(BUILT_PRODUCTS_DIR)/YouXin.app/YouXin";
			};
			name = Debug;
		};
		CCCA32FF1C18424A0083842B /* Release */ = {
			isa = XCBuildConfiguration;
			buildSettings = {
				BUNDLE_LOADER = "$(TEST_HOST)";
				INFOPLIST_FILE = YouXinTests/Info.plist;
				LD_RUNPATH_SEARCH_PATHS = "$(inherited) @executable_path/Frameworks @loader_path/Frameworks";
				PRODUCT_BUNDLE_IDENTIFIER = com.qingyun.YouXinTests;
				PRODUCT_NAME = "$(TARGET_NAME)";
				TEST_HOST = "$(BUILT_PRODUCTS_DIR)/YouXin.app/YouXin";
			};
			name = Release;
		};
		CCCA33011C18424A0083842B /* Debug */ = {
			isa = XCBuildConfiguration;
			buildSettings = {
				INFOPLIST_FILE = YouXinUITests/Info.plist;
				LD_RUNPATH_SEARCH_PATHS = "$(inherited) @executable_path/Frameworks @loader_path/Frameworks";
				PRODUCT_BUNDLE_IDENTIFIER = com.qingyun.YouXinUITests;
				PRODUCT_NAME = "$(TARGET_NAME)";
				TEST_TARGET_NAME = YouXin;
				USES_XCTRUNNER = YES;
			};
			name = Debug;
		};
		CCCA33021C18424A0083842B /* Release */ = {
			isa = XCBuildConfiguration;
			buildSettings = {
				INFOPLIST_FILE = YouXinUITests/Info.plist;
				LD_RUNPATH_SEARCH_PATHS = "$(inherited) @executable_path/Frameworks @loader_path/Frameworks";
				PRODUCT_BUNDLE_IDENTIFIER = com.qingyun.YouXinUITests;
				PRODUCT_NAME = "$(TARGET_NAME)";
				TEST_TARGET_NAME = YouXin;
				USES_XCTRUNNER = YES;
			};
			name = Release;
		};
/* End XCBuildConfiguration section */

/* Begin XCConfigurationList section */
		CCCA32C51C18424A0083842B /* Build configuration list for PBXProject "YouXin" */ = {
			isa = XCConfigurationList;
			buildConfigurations = (
				CCCA32F81C18424A0083842B /* Debug */,
				CCCA32F91C18424A0083842B /* Release */,
			);
			defaultConfigurationIsVisible = 0;
			defaultConfigurationName = Release;
		};
		CCCA32FA1C18424A0083842B /* Build configuration list for PBXNativeTarget "YouXin" */ = {
			isa = XCConfigurationList;
			buildConfigurations = (
				CCCA32FB1C18424A0083842B /* Debug */,
				CCCA32FC1C18424A0083842B /* Release */,
			);
			defaultConfigurationIsVisible = 0;
		};
		CCCA32FD1C18424A0083842B /* Build configuration list for PBXNativeTarget "YouXinTests" */ = {
			isa = XCConfigurationList;
			buildConfigurations = (
				CCCA32FE1C18424A0083842B /* Debug */,
				CCCA32FF1C18424A0083842B /* Release */,
			);
			defaultConfigurationIsVisible = 0;
		};
		CCCA33001C18424A0083842B /* Build configuration list for PBXNativeTarget "YouXinUITests" */ = {
			isa = XCConfigurationList;
			buildConfigurations = (
				CCCA33011C18424A0083842B /* Debug */,
				CCCA33021C18424A0083842B /* Release */,
			);
			defaultConfigurationIsVisible = 0;
		};
/* End XCConfigurationList section */
	};
	rootObject = CCCA32C21C18424A0083842B /* Project object */;
}
